Microsoft Visual Studio Solution File, Format Version 12.00
# Visual Studio Version 17
VisualStudioVersion = 17.5.2.0
MinimumVisualStudioVersion = 10.0.40219.1
Project("{FAE04EC0-301F-11D3-BF4B-00C04F79EFBC}") = "CustomVisualEventCommand", "CustomVisualEventCommand.csproj", "{4FF0A885-B253-83B6-B79A-1F3578C1CBB1}"
EndProject
Global
	GlobalSection(SolutionConfigurationPlatforms) = preSolution
		Debug|Any CPU = Debug|Any CPU
		Release|Any CPU = Release|Any CPU
	EndGlobalSection
	GlobalSection(ProjectConfigurationPlatforms) = postSolution
		{4FF0A885-B253-83B6-B79A-1F3578C1CBB1}.Debug|Any CPU.ActiveCfg = Debug|Any CPU
		{4FF0A885-B253-83B6-B79A-1F3578C1CBB1}.Debug|Any CPU.Build.0 = Debug|Any CPU
		{4FF0A885-B253-83B6-B79A-1F3578C1CBB1}.Release|Any CPU.ActiveCfg = Release|Any CPU
		{4FF0A885-B253-83B6-B79A-1F3578C1CBB1}.Release|Any CPU.Build.0 = Release|Any CPU
	EndGlobalSection
	GlobalSection(SolutionProperties) = preSolution
		HideSolutionNode = FALSE
	EndGlobalSection
	GlobalSection(ExtensibilityGlobals) = postSolution
		SolutionGuid = {F3FF38DA-A86F-40EE-853A-583C992406B0}
	EndGlobalSection
EndGlobal
